// !$*UTF8*$!
{
	archiveVersion = 1;
	classes = {
	};
	objectVersion = 50;
	objects = {

/* Begin PBXBuildFile section */
		7651095321F9AF4D00EADDE3 /* LaunchScreenViewController.swift in Sources */ = {isa = PBXBuildFile; fileRef = 7651095221F9AF4D00EADDE3 /* LaunchScreenViewController.swift */; };
		7651128F21EFAA9000E30564 /* FoosballTableCodable.swift in Sources */ = {isa = PBXBuildFile; fileRef = 7651128E21EFAA9000E30564 /* FoosballTableCodable.swift */; };
		7651129121EFAE0A00E30564 /* StatisticViewController.swift in Sources */ = {isa = PBXBuildFile; fileRef = 7651129021EFAE0A00E30564 /* StatisticViewController.swift */; };
		76682895221736E100368F8E /* UserService.swift in Sources */ = {isa = PBXBuildFile; fileRef = 76682890221736E100368F8E /* UserService.swift */; };
		76682896221736E100368F8E /* FoosballService.swift in Sources */ = {isa = PBXBuildFile; fileRef = 76682891221736E100368F8E /* FoosballService.swift */; };
		76682897221736E100368F8E /* ViewControllerCoordinator.swift in Sources */ = {isa = PBXBuildFile; fileRef = 76682893221736E100368F8E /* ViewControllerCoordinator.swift */; };
		76682898221736E100368F8E /* MainCoordinator.swift in Sources */ = {isa = PBXBuildFile; fileRef = 76682894221736E100368F8E /* MainCoordinator.swift */; };
		76C7687B21F1374F004C29B6 /* CustomListTableViewCell.swift in Sources */ = {isa = PBXBuildFile; fileRef = 76C7687921F1374F004C29B6 /* CustomListTableViewCell.swift */; };
		76C7687C21F1374F004C29B6 /* CustomListTableViewCell.xib in Resources */ = {isa = PBXBuildFile; fileRef = 76C7687A21F1374F004C29B6 /* CustomListTableViewCell.xib */; };
		76CB3BF021FE0C3900832B9B /* GradientView.swift in Sources */ = {isa = PBXBuildFile; fileRef = 76CB3BEF21FE0C3900832B9B /* GradientView.swift */; };
		76CDA3C421FB7A6400594BF0 /* CustomSideMenuViewController.swift in Sources */ = {isa = PBXBuildFile; fileRef = 76CDA3C321FB7A6400594BF0 /* CustomSideMenuViewController.swift */; };
		76CDA3CA21FBB0E100594BF0 /* ContainViewController.swift in Sources */ = {isa = PBXBuildFile; fileRef = 76CDA3C921FBB0E100594BF0 /* ContainViewController.swift */; };
		76CF324421EF6A1A00FE11F3 /* Raleway-ExtraLight.ttf in Resources */ = {isa = PBXBuildFile; fileRef = 76CF324021EF6A1A00FE11F3 /* Raleway-ExtraLight.ttf */; };
		76CF324521EF6A1A00FE11F3 /* Raleway-Black.ttf in Resources */ = {isa = PBXBuildFile; fileRef = 76CF324121EF6A1A00FE11F3 /* Raleway-Black.ttf */; };
		76CF324621EF6A1A00FE11F3 /* Raleway-Medium.ttf in Resources */ = {isa = PBXBuildFile; fileRef = 76CF324221EF6A1A00FE11F3 /* Raleway-Medium.ttf */; };
		76CF324721EF6A1A00FE11F3 /* Raleway-Bold.ttf in Resources */ = {isa = PBXBuildFile; fileRef = 76CF324321EF6A1A00FE11F3 /* Raleway-Bold.ttf */; };
		76CF324921EF6EC800FE11F3 /* FoosballCollectionViewCell.swift in Sources */ = {isa = PBXBuildFile; fileRef = 76CF324821EF6EC800FE11F3 /* FoosballCollectionViewCell.swift */; };
		76F2D1F721EE42A40049333F /* AppDelegate.swift in Sources */ = {isa = PBXBuildFile; fileRef = 76F2D1F621EE42A40049333F /* AppDelegate.swift */; };
		76F2D1F921EE42A40049333F /* ListViewController.swift in Sources */ = {isa = PBXBuildFile; fileRef = 76F2D1F821EE42A40049333F /* ListViewController.swift */; };
		76F2D1FC21EE42A40049333F /* Main.storyboard in Resources */ = {isa = PBXBuildFile; fileRef = 76F2D1FA21EE42A40049333F /* Main.storyboard */; };
		76F2D1FF21EE42A40049333F /* KickerApp.xcdatamodeld in Sources */ = {isa = PBXBuildFile; fileRef = 76F2D1FD21EE42A40049333F /* KickerApp.xcdatamodeld */; };
		76F2D20121EE42A50049333F /* Assets.xcassets in Resources */ = {isa = PBXBuildFile; fileRef = 76F2D20021EE42A50049333F /* Assets.xcassets */; };
		76F2D20421EE42A50049333F /* LaunchScreen.storyboard in Resources */ = {isa = PBXBuildFile; fileRef = 76F2D20221EE42A50049333F /* LaunchScreen.storyboard */; };
		76F2D20E21EE42DE0049333F /* Users.swift in Sources */ = {isa = PBXBuildFile; fileRef = 76F2D20D21EE42DE0049333F /* Users.swift */; };
		76F2D21021EE44DF0049333F /* Alamofire.framework in Frameworks */ = {isa = PBXBuildFile; fileRef = 76F2D20F21EE44DF0049333F /* Alamofire.framework */; };
		76F2D21121EE44DF0049333F /* Alamofire.framework in Embed Frameworks */ = {isa = PBXBuildFile; fileRef = 76F2D20F21EE44DF0049333F /* Alamofire.framework */; settings = {ATTRIBUTES = (CodeSignOnCopy, RemoveHeadersOnCopy, ); }; };
		76F2D21921EF3B780049333F /* Design.swift in Sources */ = {isa = PBXBuildFile; fileRef = 76F2D21321EF3B780049333F /* Design.swift */; };
		76F2D21A21EF3B780049333F /* Montserrat-Medium.ttf in Resources */ = {isa = PBXBuildFile; fileRef = 76F2D21521EF3B780049333F /* Montserrat-Medium.ttf */; };
		76F2D21B21EF3B780049333F /* Montserrat-Light.ttf in Resources */ = {isa = PBXBuildFile; fileRef = 76F2D21621EF3B780049333F /* Montserrat-Light.ttf */; };
		76F2D21C21EF3B780049333F /* Montserrat-Bold.ttf in Resources */ = {isa = PBXBuildFile; fileRef = 76F2D21721EF3B780049333F /* Montserrat-Bold.ttf */; };
		76F2D21D21EF3B780049333F /* Montserrat-Black.ttf in Resources */ = {isa = PBXBuildFile; fileRef = 76F2D21821EF3B780049333F /* Montserrat-Black.ttf */; };
		76F2D22321EF48EF0049333F /* FoosballViewController.swift in Sources */ = {isa = PBXBuildFile; fileRef = 76F2D22221EF48EF0049333F /* FoosballViewController.swift */; };
/* End PBXBuildFile section */

/* Begin PBXCopyFilesBuildPhase section */
		76F2D21221EE44DF0049333F /* Embed Frameworks */ = {
			isa = PBXCopyFilesBuildPhase;
			buildActionMask = 2147483647;
			dstPath = "";
			dstSubfolderSpec = 10;
			files = (
				76F2D21121EE44DF0049333F /* Alamofire.framework in Embed Frameworks */,
			);
			name = "Embed Frameworks";
			runOnlyForDeploymentPostprocessing = 0;
		};
/* End PBXCopyFilesBuildPhase section */

/* Begin PBXFileReference section */
		6894B593C1648A2861418C46 /* Pods_KickerApp.framework */ = {isa = PBXFileReference; explicitFileType = wrapper.framework; includeInIndex = 0; path = Pods_KickerApp.framework; sourceTree = BUILT_PRODUCTS_DIR; };
		7651095221F9AF4D00EADDE3 /* LaunchScreenViewController.swift */ = {isa = PBXFileReference; lastKnownFileType = sourcecode.swift; path = LaunchScreenViewController.swift; sourceTree = "<group>"; };
		7651128E21EFAA9000E30564 /* FoosballTableCodable.swift */ = {isa = PBXFileReference; lastKnownFileType = sourcecode.swift; path = FoosballTableCodable.swift; sourceTree = "<group>"; };
		7651129021EFAE0A00E30564 /* StatisticViewController.swift */ = {isa = PBXFileReference; lastKnownFileType = sourcecode.swift; path = StatisticViewController.swift; sourceTree = "<group>"; };
		76682890221736E100368F8E /* UserService.swift */ = {isa = PBXFileReference; fileEncoding = 4; lastKnownFileType = sourcecode.swift; path = UserService.swift; sourceTree = "<group>"; };
		76682891221736E100368F8E /* FoosballService.swift */ = {isa = PBXFileReference; fileEncoding = 4; lastKnownFileType = sourcecode.swift; path = FoosballService.swift; sourceTree = "<group>"; };
		76682893221736E100368F8E /* ViewControllerCoordinator.swift */ = {isa = PBXFileReference; fileEncoding = 4; lastKnownFileType = sourcecode.swift; path = ViewControllerCoordinator.swift; sourceTree = "<group>"; };
		76682894221736E100368F8E /* MainCoordinator.swift */ = {isa = PBXFileReference; fileEncoding = 4; lastKnownFileType = sourcecode.swift; path = MainCoordinator.swift; sourceTree = "<group>"; };
		76C7687921F1374F004C29B6 /* CustomListTableViewCell.swift */ = {isa = PBXFileReference; lastKnownFileType = sourcecode.swift; path = CustomListTableViewCell.swift; sourceTree = "<group>"; };
		76C7687A21F1374F004C29B6 /* CustomListTableViewCell.xib */ = {isa = PBXFileReference; lastKnownFileType = file.xib; path = CustomListTableViewCell.xib; sourceTree = "<group>"; };
		76CB3BEF21FE0C3900832B9B /* GradientView.swift */ = {isa = PBXFileReference; lastKnownFileType = sourcecode.swift; path = GradientView.swift; sourceTree = "<group>"; };
		76CDA3C321FB7A6400594BF0 /* CustomSideMenuViewController.swift */ = {isa = PBXFileReference; lastKnownFileType = sourcecode.swift; path = CustomSideMenuViewController.swift; sourceTree = "<group>"; };
		76CDA3C921FBB0E100594BF0 /* ContainViewController.swift */ = {isa = PBXFileReference; lastKnownFileType = sourcecode.swift; path = ContainViewController.swift; sourceTree = "<group>"; };
		76CF324021EF6A1A00FE11F3 /* Raleway-ExtraLight.ttf */ = {isa = PBXFileReference; lastKnownFileType = file; path = "Raleway-ExtraLight.ttf"; sourceTree = "<group>"; };
		76CF324121EF6A1A00FE11F3 /* Raleway-Black.ttf */ = {isa = PBXFileReference; lastKnownFileType = file; path = "Raleway-Black.ttf"; sourceTree = "<group>"; };
		76CF324221EF6A1A00FE11F3 /* Raleway-Medium.ttf */ = {isa = PBXFileReference; lastKnownFileType = file; path = "Raleway-Medium.ttf"; sourceTree = "<group>"; };
		76CF324321EF6A1A00FE11F3 /* Raleway-Bold.ttf */ = {isa = PBXFileReference; lastKnownFileType = file; path = "Raleway-Bold.ttf"; sourceTree = "<group>"; };
		76CF324821EF6EC800FE11F3 /* FoosballCollectionViewCell.swift */ = {isa = PBXFileReference; lastKnownFileType = sourcecode.swift; path = FoosballCollectionViewCell.swift; sourceTree = "<group>"; };
		76F2D1F321EE42A40049333F /* KickerApp.app */ = {isa = PBXFileReference; explicitFileType = wrapper.application; includeInIndex = 0; path = KickerApp.app; sourceTree = BUILT_PRODUCTS_DIR; };
		76F2D1F621EE42A40049333F /* AppDelegate.swift */ = {isa = PBXFileReference; lastKnownFileType = sourcecode.swift; path = AppDelegate.swift; sourceTree = "<group>"; };
		76F2D1F821EE42A40049333F /* ListViewController.swift */ = {isa = PBXFileReference; lastKnownFileType = sourcecode.swift; path = ListViewController.swift; sourceTree = "<group>"; };
		76F2D1FB21EE42A40049333F /* Base */ = {isa = PBXFileReference; lastKnownFileType = file.storyboard; name = Base; path = Base.lproj/Main.storyboard; sourceTree = "<group>"; };
		76F2D1FE21EE42A40049333F /* KickerApp.xcdatamodel */ = {isa = PBXFileReference; lastKnownFileType = wrapper.xcdatamodel; path = KickerApp.xcdatamodel; sourceTree = "<group>"; };
		76F2D20021EE42A50049333F /* Assets.xcassets */ = {isa = PBXFileReference; lastKnownFileType = folder.assetcatalog; path = Assets.xcassets; sourceTree = "<group>"; };
		76F2D20321EE42A50049333F /* Base */ = {isa = PBXFileReference; lastKnownFileType = file.storyboard; name = Base; path = Base.lproj/LaunchScreen.storyboard; sourceTree = "<group>"; };
		76F2D20521EE42A50049333F /* Info.plist */ = {isa = PBXFileReference; lastKnownFileType = text.plist.xml; path = Info.plist; sourceTree = "<group>"; };
		76F2D20D21EE42DE0049333F /* Users.swift */ = {isa = PBXFileReference; lastKnownFileType = sourcecode.swift; path = Users.swift; sourceTree = "<group>"; };
		76F2D20F21EE44DF0049333F /* Alamofire.framework */ = {isa = PBXFileReference; lastKnownFileType = wrapper.framework; name = Alamofire.framework; path = Carthage/Build/iOS/Alamofire.framework; sourceTree = "<group>"; };
		76F2D21321EF3B780049333F /* Design.swift */ = {isa = PBXFileReference; fileEncoding = 4; lastKnownFileType = sourcecode.swift; path = Design.swift; sourceTree = "<group>"; };
		76F2D21521EF3B780049333F /* Montserrat-Medium.ttf */ = {isa = PBXFileReference; lastKnownFileType = file; path = "Montserrat-Medium.ttf"; sourceTree = "<group>"; };
		76F2D21621EF3B780049333F /* Montserrat-Light.ttf */ = {isa = PBXFileReference; lastKnownFileType = file; path = "Montserrat-Light.ttf"; sourceTree = "<group>"; };
		76F2D21721EF3B780049333F /* Montserrat-Bold.ttf */ = {isa = PBXFileReference; lastKnownFileType = file; path = "Montserrat-Bold.ttf"; sourceTree = "<group>"; };
		76F2D21821EF3B780049333F /* Montserrat-Black.ttf */ = {isa = PBXFileReference; lastKnownFileType = file; path = "Montserrat-Black.ttf"; sourceTree = "<group>"; };
		76F2D22221EF48EF0049333F /* FoosballViewController.swift */ = {isa = PBXFileReference; lastKnownFileType = sourcecode.swift; name = FoosballViewController.swift; path = KickerApp/VCs/FoosballViewController.swift; sourceTree = SOURCE_ROOT; };
		94DD87EB8927E2304910FCA8 /* Pods-KickerApp.debug.xcconfig */ = {isa = PBXFileReference; includeInIndex = 1; lastKnownFileType = text.xcconfig; name = "Pods-KickerApp.debug.xcconfig"; path = "Pods/Target Support Files/Pods-KickerApp/Pods-KickerApp.debug.xcconfig"; sourceTree = "<group>"; };
		F0EC56CCCFD76AE079721806 /* Pods-KickerApp.release.xcconfig */ = {isa = PBXFileReference; includeInIndex = 1; lastKnownFileType = text.xcconfig; name = "Pods-KickerApp.release.xcconfig"; path = "Pods/Target Support Files/Pods-KickerApp/Pods-KickerApp.release.xcconfig"; sourceTree = "<group>"; };
/* End PBXFileReference section */

/* Begin PBXFrameworksBuildPhase section */
		76F2D1F021EE42A40049333F /* Frameworks */ = {
			isa = PBXFrameworksBuildPhase;
			buildActionMask = 2147483647;
			files = (
				76F2D21021EE44DF0049333F /* Alamofire.framework in Frameworks */,
			);
			runOnlyForDeploymentPostprocessing = 0;
		};
/* End PBXFrameworksBuildPhase section */

/* Begin PBXGroup section */
		02CEFAA1AE73D4854F1CE545 /* Pods */ = {
			isa = PBXGroup;
			children = (
				94DD87EB8927E2304910FCA8 /* Pods-KickerApp.debug.xcconfig */,
				F0EC56CCCFD76AE079721806 /* Pods-KickerApp.release.xcconfig */,
			);
			name = Pods;
			sourceTree = "<group>";
		};
		7668288F221736E100368F8E /* Service */ = {
			isa = PBXGroup;
			children = (
				76682890221736E100368F8E /* UserService.swift */,
				76682891221736E100368F8E /* FoosballService.swift */,
			);
			path = Service;
			sourceTree = "<group>";
		};
		76682892221736E100368F8E /* Coordinator */ = {
			isa = PBXGroup;
			children = (
				76682893221736E100368F8E /* ViewControllerCoordinator.swift */,
				76682894221736E100368F8E /* MainCoordinator.swift */,
			);
			path = Coordinator;
			sourceTree = "<group>";
		};
		76C7687621F0935E004C29B6 /* data */ = {
			isa = PBXGroup;
			children = (
				76F2D20D21EE42DE0049333F /* Users.swift */,
				7651128E21EFAA9000E30564 /* FoosballTableCodable.swift */,
			);
			path = data;
			sourceTree = "<group>";
		};
		76F2D1EA21EE42A40049333F = {
			isa = PBXGroup;
			children = (
				76F2D20F21EE44DF0049333F /* Alamofire.framework */,
				76F2D1F521EE42A40049333F /* KickerApp */,
				76F2D1F421EE42A40049333F /* Products */,
				02CEFAA1AE73D4854F1CE545 /* Pods */,
				7D46B8C04A4E82EED2CD1C81 /* Frameworks */,
			);
			sourceTree = "<group>";
		};
		76F2D1F421EE42A40049333F /* Products */ = {
			isa = PBXGroup;
			children = (
				76F2D1F321EE42A40049333F /* KickerApp.app */,
			);
			name = Products;
			sourceTree = "<group>";
		};
		76F2D1F521EE42A40049333F /* KickerApp */ = {
			isa = PBXGroup;
			children = (
				76682892221736E100368F8E /* Coordinator */,
				7668288F221736E100368F8E /* Service */,
				76F5290021F1E59700A1724E /* VCs */,
				76F528FF21F1E59200A1724E /* Cells */,
				76C7687621F0935E004C29B6 /* data */,
				76F2D21321EF3B780049333F /* Design.swift */,
				76F2D21421EF3B780049333F /* fonts */,
				76F2D1F621EE42A40049333F /* AppDelegate.swift */,
				76F2D1FA21EE42A40049333F /* Main.storyboard */,
				76F2D20021EE42A50049333F /* Assets.xcassets */,
				76F2D20221EE42A50049333F /* LaunchScreen.storyboard */,
				76F2D20521EE42A50049333F /* Info.plist */,
				76F2D1FD21EE42A40049333F /* KickerApp.xcdatamodeld */,
			);
			path = KickerApp;
			sourceTree = "<group>";
		};
		76F2D21421EF3B780049333F /* fonts */ = {
			isa = PBXGroup;
			children = (
				76CF324121EF6A1A00FE11F3 /* Raleway-Black.ttf */,
				76CF324321EF6A1A00FE11F3 /* Raleway-Bold.ttf */,
				76CF324021EF6A1A00FE11F3 /* Raleway-ExtraLight.ttf */,
				76CF324221EF6A1A00FE11F3 /* Raleway-Medium.ttf */,
				76F2D21521EF3B780049333F /* Montserrat-Medium.ttf */,
				76F2D21621EF3B780049333F /* Montserrat-Light.ttf */,
				76F2D21721EF3B780049333F /* Montserrat-Bold.ttf */,
				76F2D21821EF3B780049333F /* Montserrat-Black.ttf */,
			);
			path = fonts;
			sourceTree = "<group>";
		};
		76F528FF21F1E59200A1724E /* Cells */ = {
			isa = PBXGroup;
			children = (
				76C7687921F1374F004C29B6 /* CustomListTableViewCell.swift */,
				76C7687A21F1374F004C29B6 /* CustomListTableViewCell.xib */,
				76CF324821EF6EC800FE11F3 /* FoosballCollectionViewCell.swift */,
			);
			path = Cells;
			sourceTree = "<group>";
		};
		76F5290021F1E59700A1724E /* VCs */ = {
			isa = PBXGroup;
			children = (
				7651129021EFAE0A00E30564 /* StatisticViewController.swift */,
				7651095221F9AF4D00EADDE3 /* LaunchScreenViewController.swift */,
				76F2D22221EF48EF0049333F /* FoosballViewController.swift */,
				76F2D1F821EE42A40049333F /* ListViewController.swift */,
				76CDA3C321FB7A6400594BF0 /* CustomSideMenuViewController.swift */,
				76CDA3C921FBB0E100594BF0 /* ContainViewController.swift */,
				76CB3BEF21FE0C3900832B9B /* GradientView.swift */,
			);
			path = VCs;
			sourceTree = "<group>";
		};
		7D46B8C04A4E82EED2CD1C81 /* Frameworks */ = {
			isa = PBXGroup;
			children = (
				6894B593C1648A2861418C46 /* Pods_KickerApp.framework */,
			);
			name = Frameworks;
			sourceTree = "<group>";
		};
/* End PBXGroup section */

/* Begin PBXNativeTarget section */
		76F2D1F221EE42A40049333F /* KickerApp */ = {
			isa = PBXNativeTarget;
			buildConfigurationList = 76F2D20821EE42A50049333F /* Build configuration list for PBXNativeTarget "KickerApp" */;
			buildPhases = (
				60D87868D85032D3C4CA4415 /* [CP] Check Pods Manifest.lock */,
				76F2D1EF21EE42A40049333F /* Sources */,
				76F2D1F021EE42A40049333F /* Frameworks */,
				76F2D1F121EE42A40049333F /* Resources */,
				76F2D21221EE44DF0049333F /* Embed Frameworks */,
			);
			buildRules = (
			);
			dependencies = (
			);
			name = KickerApp;
			productName = KickerApp;
			productReference = 76F2D1F321EE42A40049333F /* KickerApp.app */;
			productType = "com.apple.product-type.application";
		};
/* End PBXNativeTarget section */

/* Begin PBXProject section */
		76F2D1EB21EE42A40049333F /* Project object */ = {
			isa = PBXProject;
			attributes = {
				LastSwiftUpdateCheck = 1010;
				LastUpgradeCheck = 1010;
				ORGANIZATIONNAME = "Phuong Nguyen";
				TargetAttributes = {
					76F2D1F221EE42A40049333F = {
						CreatedOnToolsVersion = 10.1;
					};
				};
			};
			buildConfigurationList = 76F2D1EE21EE42A40049333F /* Build configuration list for PBXProject "KickerApp" */;
			compatibilityVersion = "Xcode 9.3";
			developmentRegion = en;
			hasScannedForEncodings = 0;
			knownRegions = (
				en,
				Base,
			);
			mainGroup = 76F2D1EA21EE42A40049333F;
			productRefGroup = 76F2D1F421EE42A40049333F /* Products */;
			projectDirPath = "";
			projectRoot = "";
			targets = (
				76F2D1F221EE42A40049333F /* KickerApp */,
			);
		};
/* End PBXProject section */

/* Begin PBXResourcesBuildPhase section */
		76F2D1F121EE42A40049333F /* Resources */ = {
			isa = PBXResourcesBuildPhase;
			buildActionMask = 2147483647;
			files = (
				76F2D21B21EF3B780049333F /* Montserrat-Light.ttf in Resources */,
				76F2D21D21EF3B780049333F /* Montserrat-Black.ttf in Resources */,
				76C7687C21F1374F004C29B6 /* CustomListTableViewCell.xib in Resources */,
				76CF324421EF6A1A00FE11F3 /* Raleway-ExtraLight.ttf in Resources */,
				76CF324521EF6A1A00FE11F3 /* Raleway-Black.ttf in Resources */,
				76F2D20421EE42A50049333F /* LaunchScreen.storyboard in Resources */,
				76F2D21C21EF3B780049333F /* Montserrat-Bold.ttf in Resources */,
				76CF324721EF6A1A00FE11F3 /* Raleway-Bold.ttf in Resources */,
				76F2D20121EE42A50049333F /* Assets.xcassets in Resources */,
				76CF324621EF6A1A00FE11F3 /* Raleway-Medium.ttf in Resources */,
				76F2D21A21EF3B780049333F /* Montserrat-Medium.ttf in Resources */,
				76F2D1FC21EE42A40049333F /* Main.storyboard in Resources */,
			);
			runOnlyForDeploymentPostprocessing = 0;
		};
/* End PBXResourcesBuildPhase section */

/* Begin PBXShellScriptBuildPhase section */
		60D87868D85032D3C4CA4415 /* [CP] Check Pods Manifest.lock */ = {
			isa = PBXShellScriptBuildPhase;
			buildActionMask = 2147483647;
			files = (
			);
			inputFileListPaths = (
			);
			inputPaths = (
				"${PODS_PODFILE_DIR_PATH}/Podfile.lock",
				"${PODS_ROOT}/Manifest.lock",
			);
			name = "[CP] Check Pods Manifest.lock";
			outputFileListPaths = (
			);
			outputPaths = (
				"$(DERIVED_FILE_DIR)/Pods-KickerApp-checkManifestLockResult.txt",
			);
			runOnlyForDeploymentPostprocessing = 0;
			shellPath = /bin/sh;
			shellScript = "diff \"${PODS_PODFILE_DIR_PATH}/Podfile.lock\" \"${PODS_ROOT}/Manifest.lock\" > /dev/null\nif [ $? != 0 ] ; then\n    # print error to STDERR\n    echo \"error: The sandbox is not in sync with the Podfile.lock. Run 'pod install' or update your CocoaPods installation.\" >&2\n    exit 1\nfi\n# This output is used by Xcode 'outputs' to avoid re-running this script phase.\necho \"SUCCESS\" > \"${SCRIPT_OUTPUT_FILE_0}\"\n";
			showEnvVarsInLog = 0;
		};
/* End PBXShellScriptBuildPhase section */

/* Begin PBXSourcesBuildPhase section */
		76F2D1EF21EE42A40049333F /* Sources */ = {
			isa = PBXSourcesBuildPhase;
			buildActionMask = 2147483647;
			files = (
				76CF324921EF6EC800FE11F3 /* FoosballCollectionViewCell.swift in Sources */,
				76F2D1F921EE42A40049333F /* ListViewController.swift in Sources */,
				76682898221736E100368F8E /* MainCoordinator.swift in Sources */,
				76F2D20E21EE42DE0049333F /* Users.swift in Sources */,
				76F2D21921EF3B780049333F /* Design.swift in Sources */,
				76682896221736E100368F8E /* FoosballService.swift in Sources */,
				7651095321F9AF4D00EADDE3 /* LaunchScreenViewController.swift in Sources */,
				76682897221736E100368F8E /* ViewControllerCoordinator.swift in Sources */,
				7651128F21EFAA9000E30564 /* FoosballTableCodable.swift in Sources */,
				76CB3BF021FE0C3900832B9B /* GradientView.swift in Sources */,
				76F2D22321EF48EF0049333F /* FoosballViewController.swift in Sources */,
				76CDA3C421FB7A6400594BF0 /* CustomSideMenuViewController.swift in Sources */,
				76682895221736E100368F8E /* UserService.swift in Sources */,
				76C7687B21F1374F004C29B6 /* CustomListTableViewCell.swift in Sources */,
				76F2D1F721EE42A40049333F /* AppDelegate.swift in Sources */,
				76CDA3CA21FBB0E100594BF0 /* ContainViewController.swift in Sources */,
				7651129121EFAE0A00E30564 /* StatisticViewController.swift in Sources */,
				76F2D1FF21EE42A40049333F /* KickerApp.xcdatamodeld in Sources */,
			);
			runOnlyForDeploymentPostprocessing = 0;
		};
/* End PBXSourcesBuildPhase section */

/* Begin PBXVariantGroup section */
		76F2D1FA21EE42A40049333F /* Main.storyboard */ = {
			isa = PBXVariantGroup;
			children = (
				76F2D1FB21EE42A40049333F /* Base */,
			);
			name = Main.storyboard;
			sourceTree = "<group>";
		};
		76F2D20221EE42A50049333F /* LaunchScreen.storyboard */ = {
			isa = PBXVariantGroup;
			children = (
				76F2D20321EE42A50049333F /* Base */,
			);
			name = LaunchScreen.storyboard;
			sourceTree = "<group>";
		};
/* End PBXVariantGroup section */

/* Begin XCBuildConfiguration section */
		76F2D20621EE42A50049333F /* Debug */ = {
			isa = XCBuildConfiguration;
			buildSettings = {
				ALWAYS_SEARCH_USER_PATHS = NO;
				CLANG_ANALYZER_NONNULL = YES;
				CLANG_ANALYZER_NUMBER_OBJECT_CONVERSION = YES_AGGRESSIVE;
				CLANG_CXX_LANGUAGE_STANDARD = "gnu++14";
				CLANG_CXX_LIBRARY = "libc++";
				CLANG_ENABLE_MODULES = YES;
				CLANG_ENABLE_OBJC_ARC = YES;
				CLANG_ENABLE_OBJC_WEAK = YES;
				CLANG_WARN_BLOCK_CAPTURE_AUTORELEASING = YES;
				CLANG_WARN_BOOL_CONVERSION = YES;
				CLANG_WARN_COMMA = YES;
				CLANG_WARN_CONSTANT_CONVERSION = YES;
				CLANG_WARN_DEPRECATED_OBJC_IMPLEMENTATIONS = YES;
				CLANG_WARN_DIRECT_OBJC_ISA_USAGE = YES_ERROR;
				CLANG_WARN_DOCUMENTATION_COMMENTS = YES;
				CLANG_WARN_EMPTY_BODY = YES;
				CLANG_WARN_ENUM_CONVERSION = YES;
				CLANG_WARN_INFINITE_RECURSION = YES;
				CLANG_WARN_INT_CONVERSION = YES;
				CLANG_WARN_NON_LITERAL_NULL_CONVERSION = YES;
				CLANG_WARN_OBJC_IMPLICIT_RETAIN_SELF = YES;
				CLANG_WARN_OBJC_LITERAL_CONVERSION = YES;
				CLANG_WARN_OBJC_ROOT_CLASS = YES_ERROR;
				CLANG_WARN_RANGE_LOOP_ANALYSIS = YES;
				CLANG_WARN_STRICT_PROTOTYPES = YES;
				CLANG_WARN_SUSPICIOUS_MOVE = YES;
				CLANG_WARN_UNGUARDED_AVAILABILITY = YES_AGGRESSIVE;
				CLANG_WARN_UNREACHABLE_CODE = YES;
				CLANG_WARN__DUPLICATE_METHOD_MATCH = YES;
				CODE_SIGN_IDENTITY = "iPhone Developer";
				COPY_PHASE_STRIP = NO;
				DEBUG_INFORMATION_FORMAT = dwarf;
				ENABLE_STRICT_OBJC_MSGSEND = YES;
				ENABLE_TESTABILITY = YES;
				GCC_C_LANGUAGE_STANDARD = gnu11;
				GCC_DYNAMIC_NO_PIC = NO;
				GCC_NO_COMMON_BLOCKS = YES;
				GCC_OPTIMIZATION_LEVEL = 0;
				GCC_PREPROCESSOR_DEFINITIONS = (
					"DEBUG=1",
					"$(inherited)",
				);
				GCC_WARN_64_TO_32_BIT_CONVERSION = YES;
				GCC_WARN_ABOUT_RETURN_TYPE = YES_ERROR;
				GCC_WARN_UNDECLARED_SELECTOR = YES;
				GCC_WARN_UNINITIALIZED_AUTOS = YES_AGGRESSIVE;
				GCC_WARN_UNUSED_FUNCTION = YES;
				GCC_WARN_UNUSED_VARIABLE = YES;
				IPHONEOS_DEPLOYMENT_TARGET = 12.1;
				MTL_ENABLE_DEBUG_INFO = INCLUDE_SOURCE;
				MTL_FAST_MATH = YES;
				ONLY_ACTIVE_ARCH = YES;
				SDKROOT = iphoneos;
				SWIFT_ACTIVE_COMPILATION_CONDITIONS = DEBUG;
				SWIFT_OPTIMIZATION_LEVEL = "-Onone";
			};
			name = Debug;
		};
		76F2D20721EE42A50049333F /* Release */ = {
			isa = XCBuildConfiguration;
			buildSettings = {
				ALWAYS_SEARCH_USER_PATHS = NO;
				CLANG_ANALYZER_NONNULL = YES;
				CLANG_ANALYZER_NUMBER_OBJECT_CONVERSION = YES_AGGRESSIVE;
				CLANG_CXX_LANGUAGE_STANDARD = "gnu++14";
				CLANG_CXX_LIBRARY = "libc++";
				CLANG_ENABLE_MODULES = YES;
				CLANG_ENABLE_OBJC_ARC = YES;
				CLANG_ENABLE_OBJC_WEAK = YES;
				CLANG_WARN_BLOCK_CAPTURE_AUTORELEASING = YES;
				CLANG_WARN_BOOL_CONVERSION = YES;
				CLANG_WARN_COMMA = YES;
				CLANG_WARN_CONSTANT_CONVERSION = YES;
				CLANG_WARN_DEPRECATED_OBJC_IMPLEMENTATIONS = YES;
				CLANG_WARN_DIRECT_OBJC_ISA_USAGE = YES_ERROR;
				CLANG_WARN_DOCUMENTATION_COMMENTS = YES;
				CLANG_WARN_EMPTY_BODY = YES;
				CLANG_WARN_ENUM_CONVERSION = YES;
				CLANG_WARN_INFINITE_RECURSION = YES;
				CLANG_WARN_INT_CONVERSION = YES;
				CLANG_WARN_NON_LITERAL_NULL_CONVERSION = YES;
				CLANG_WARN_OBJC_IMPLICIT_RETAIN_SELF = YES;
				CLANG_WARN_OBJC_LITERAL_CONVERSION = YES;
				CLANG_WARN_OBJC_ROOT_CLASS = YES_ERROR;
				CLANG_WARN_RANGE_LOOP_ANALYSIS = YES;
				CLANG_WARN_STRICT_PROTOTYPES = YES;
				CLANG_WARN_SUSPICIOUS_MOVE = YES;
				CLANG_WARN_UNGUARDED_AVAILABILITY = YES_AGGRESSIVE;
				CLANG_WARN_UNREACHABLE_CODE = YES;
				CLANG_WARN__DUPLICATE_METHOD_MATCH = YES;
				CODE_SIGN_IDENTITY = "iPhone Developer";
				COPY_PHASE_STRIP = NO;
				DEBUG_INFORMATION_FORMAT = "dwarf-with-dsym";
				ENABLE_NS_ASSERTIONS = NO;
				ENABLE_STRICT_OBJC_MSGSEND = YES;
				GCC_C_LANGUAGE_STANDARD = gnu11;
				GCC_NO_COMMON_BLOCKS = YES;
				GCC_WARN_64_TO_32_BIT_CONVERSION = YES;
				GCC_WARN_ABOUT_RETURN_TYPE = YES_ERROR;
				GCC_WARN_UNDECLARED_SELECTOR = YES;
				GCC_WARN_UNINITIALIZED_AUTOS = YES_AGGRESSIVE;
				GCC_WARN_UNUSED_FUNCTION = YES;
				GCC_WARN_UNUSED_VARIABLE = YES;
				IPHONEOS_DEPLOYMENT_TARGET = 12.1;
				MTL_ENABLE_DEBUG_INFO = NO;
				MTL_FAST_MATH = YES;
				SDKROOT = iphoneos;
				SWIFT_COMPILATION_MODE = wholemodule;
				SWIFT_OPTIMIZATION_LEVEL = "-O";
				VALIDATE_PRODUCT = YES;
			};
			name = Release;
		};
		76F2D20921EE42A50049333F /* Debug */ = {
			isa = XCBuildConfiguration;
			baseConfigurationReference = 94DD87EB8927E2304910FCA8 /* Pods-KickerApp.debug.xcconfig */;
			buildSettings = {
				ASSETCATALOG_COMPILER_APPICON_NAME = AppIcon;
				CODE_SIGN_STYLE = Automatic;
				DEVELOPMENT_TEAM = 93CME4XTQB;
				ENABLE_BITCODE = NO;
				FRAMEWORK_SEARCH_PATHS = (
					"$(inherited)",
					"$(PROJECT_DIR)/Carthage/Build/iOS",
				);
				INFOPLIST_FILE = KickerApp/Info.plist;
				LD_RUNPATH_SEARCH_PATHS = (
					"$(inherited)",
					"@executable_path/Frameworks",
				);
				PRODUCT_BUNDLE_IDENTIFIER = com.jambit.KickerApp2;
				PRODUCT_NAME = "$(TARGET_NAME)";
				SWIFT_REFLECTION_METADATA_LEVEL = all;
				SWIFT_VERSION = 4.2;
				TARGETED_DEVICE_FAMILY = "1,2";
			};
			name = Debug;
		};
		76F2D20A21EE42A50049333F /* Release */ = {
			isa = XCBuildConfiguration;
			baseConfigurationReference = F0EC56CCCFD76AE079721806 /* Pods-KickerApp.release.xcconfig */;
			buildSettings = {
				ASSETCATALOG_COMPILER_APPICON_NAME = AppIcon;
				CODE_SIGN_STYLE = Automatic;
				DEVELOPMENT_TEAM = 93CME4XTQB;
				ENABLE_BITCODE = NO;
				FRAMEWORK_SEARCH_PATHS = (
					"$(inherited)",
					"$(PROJECT_DIR)/Carthage/Build/iOS",
				);
				INFOPLIST_FILE = KickerApp/Info.plist;
				LD_RUNPATH_SEARCH_PATHS = (
					"$(inherited)",
					"@executable_path/Frameworks",
				);
				PRODUCT_BUNDLE_IDENTIFIER = com.jambit.KickerApp2;
				PRODUCT_NAME = "$(TARGET_NAME)";
				SWIFT_REFLECTION_METADATA_LEVEL = all;
				SWIFT_VERSION = 4.2;
				TARGETED_DEVICE_FAMILY = "1,2";
			};
			name = Release;
		};
/* End XCBuildConfiguration section */

/* Begin XCConfigurationList section */
		76F2D1EE21EE42A40049333F /* Build configuration list for PBXProject "KickerApp" */ = {
			isa = XCConfigurationList;
			buildConfigurations = (
				76F2D20621EE42A50049333F /* Debug */,
				76F2D20721EE42A50049333F /* Release */,
			);
			defaultConfigurationIsVisible = 0;
			defaultConfigurationName = Release;
		};
		76F2D20821EE42A50049333F /* Build configuration list for PBXNativeTarget "KickerApp" */ = {
			isa = XCConfigurationList;
			buildConfigurations = (
				76F2D20921EE42A50049333F /* Debug */,
				76F2D20A21EE42A50049333F /* Release */,
			);
			defaultConfigurationIsVisible = 0;
			defaultConfigurationName = Release;
		};
/* End XCConfigurationList section */

/* Begin XCVersionGroup section */
		76F2D1FD21EE42A40049333F /* KickerApp.xcdatamodeld */ = {
			isa = XCVersionGroup;
			children = (
				76F2D1FE21EE42A40049333F /* KickerApp.xcdatamodel */,
			);
			currentVersion = 76F2D1FE21EE42A40049333F /* KickerApp.xcdatamodel */;
			path = KickerApp.xcdatamodeld;
			sourceTree = "<group>";
			versionGroupType = wrapper.xcdatamodel;
		};
/* End XCVersionGroup section */
	};
	rootObject = 76F2D1EB21EE42A40049333F /* Project object */;
}
